
Microsoft Visual Studio Solution File, Format Version 12.00
# Visual Studio Version 17
VisualStudioVersion = 17.8.34525.116
MinimumVisualStudioVersion = 10.0.40219.1
Project("{FAE04EC0-301F-11D3-BF4B-00C04F79EFBC}") = "InjectingMultipleImplementations", "InjectingMultipleImplementations\InjectingMultipleImplementations.csproj", "{118C6235-36BD-42C5-ACB0-A685C1D15150}"
EndProject
Global
	GlobalSection(SolutionConfigurationPlatforms) = preSolution
		Debug|Any CPU = Debug|Any CPU
		Release|Any CPU = Release|Any CPU
	EndGlobalSection
	GlobalSection(ProjectConfigurationPlatforms) = postSolution
		{118C6235-36BD-42C5-ACB0-A685C1D15150}.Debug|Any CPU.ActiveCfg = Debug|Any CPU
		{118C6235-36BD-42C5-ACB0-A685C1D15150}.Debug|Any CPU.Build.0 = Debug|Any CPU
		{118C6235-36BD-42C5-ACB0-A685C1D15150}.Release|Any CPU.ActiveCfg = Release|Any CPU
		{118C6235-36BD-42C5-ACB0-A685C1D15150}.Release|Any CPU.Build.0 = Release|Any CPU
	EndGlobalSection
	GlobalSection(SolutionProperties) = preSolution
		HideSolutionNode = FALSE
	EndGlobalSection
	GlobalSection(ExtensibilityGlobals) = postSolution
		SolutionGuid = {4007C760-9142-44E0-813E-A3CBB9587BFF}
	EndGlobalSection
EndGlobal
